
Microsoft Visual Studio Solution File, Format Version 12.00
# Visual Studio Version 17
VisualStudioVersion = 17.5.33516.290
MinimumVisualStudioVersion = 10.0.40219.1
Project("{8BC9CEB8-8B4A-11D0-8D11-00A0C91BC942}") = "MFCApp", "MFCApp\MFCApp.vcxproj", "{EAC05547-FD3B-4BF5-8EE5-E0815AED0908}"
EndProject
Project("{8BC9CEB8-8B4A-11D0-8D11-00A0C91BC942}") = "DllTest", "DllTest\DllTest.vcxproj", "{D8EE8682-25BB-4C5F-8F61-B0EB28502D31}"
EndProject
Global
	GlobalSection(SolutionConfigurationPlatforms) = preSolution
		Debug|x64 = Debug|x64
		Debug|x86 = Debug|x86
		Release|x64 = Release|x64
		Release|x86 = Release|x86
	EndGlobalSection
	GlobalSection(ProjectConfigurationPlatforms) = postSolution
		{EAC05547-FD3B-4BF5-8EE5-E0815AED0908}.Debug|x64.ActiveCfg = Debug|x64
		{EAC05547-FD3B-4BF5-8EE5-E0815AED0908}.Debug|x64.Build.0 = Debug|x64
		{EAC05547-FD3B-4BF5-8EE5-E0815AED0908}.Debug|x86.ActiveCfg = Debug|Win32
		{EAC05547-FD3B-4BF5-8EE5-E0815AED0908}.Debug|x86.Build.0 = Debug|Win32
		{EAC05547-FD3B-4BF5-8EE5-E0815AED0908}.Release|x64.ActiveCfg = Release|x64
		{EAC05547-FD3B-4BF5-8EE5-E0815AED0908}.Release|x64.Build.0 = Release|x64
		{EAC05547-FD3B-4BF5-8EE5-E0815AED0908}.Release|x86.ActiveCfg = Release|Win32
		{EAC05547-FD3B-4BF5-8EE5-E0815AED0908}.Release|x86.Build.0 = Release|Win32
		{D8EE8682-25BB-4C5F-8F61-B0EB28502D31}.Debug|x64.ActiveCfg = Debug|x64
		{D8EE8682-25BB-4C5F-8F61-B0EB28502D31}.Debug|x64.Build.0 = Debug|x64
		{D8EE8682-25BB-4C5F-8F61-B0EB28502D31}.Debug|x86.ActiveCfg = Debug|Win32
		{D8EE8682-25BB-4C5F-8F61-B0EB28502D31}.Debug|x86.Build.0 = Debug|Win32
		{D8EE8682-25BB-4C5F-8F61-B0EB28502D31}.Release|x64.ActiveCfg = Release|x64
		{D8EE8682-25BB-4C5F-8F61-B0EB28502D31}.Release|x64.Build.0 = Release|x64
		{D8EE8682-25BB-4C5F-8F61-B0EB28502D31}.Release|x86.ActiveCfg = Release|Win32
		{D8EE8682-25BB-4C5F-8F61-B0EB28502D31}.Release|x86.Build.0 = Release|Win32
	EndGlobalSection
	GlobalSection(SolutionProperties) = preSolution
		HideSolutionNode = FALSE
	EndGlobalSection
	GlobalSection(ExtensibilityGlobals) = postSolution
		SolutionGuid = {0BAAF239-812A-451A-885A-08D8EED18184}
	EndGlobalSection
EndGlobal
